
Microsoft Visual Studio Solution File, Format Version 12.00
# Visual Studio Version 16
VisualStudioVersion = 16.0.31112.23
MinimumVisualStudioVersion = 10.0.40219.1
Project("{9A19103F-16F7-4668-BE54-9A1E7A4F7556}") = "TelecomInfraProject", "TelecomInfraProject\TelecomInfraProject.csproj", "{4E725AA4-D01C-4A5F-B0F3-3B688CCCE697}"
EndProject
Global
	GlobalSection(SolutionConfigurationPlatforms) = preSolution
		Debug|Any CPU = Debug|Any CPU
		Release|Any CPU = Release|Any CPU
	EndGlobalSection
	GlobalSection(ProjectConfigurationPlatforms) = postSolution
		{4E725AA4-D01C-4A5F-B0F3-3B688CCCE697}.Debug|Any CPU.ActiveCfg = Debug|Any CPU
		{4E725AA4-D01C-4A5F-B0F3-3B688CCCE697}.Debug|Any CPU.Build.0 = Debug|Any CPU
		{4E725AA4-D01C-4A5F-B0F3-3B688CCCE697}.Release|Any CPU.ActiveCfg = Release|Any CPU
		{4E725AA4-D01C-4A5F-B0F3-3B688CCCE697}.Release|Any CPU.Build.0 = Release|Any CPU
	EndGlobalSection
	GlobalSection(SolutionProperties) = preSolution
		HideSolutionNode = FALSE
	EndGlobalSection
	GlobalSection(ExtensibilityGlobals) = postSolution
		SolutionGuid = {521C7C59-6721-4EA8-A029-01B9EC856B0B}
	EndGlobalSection
	GlobalSection(TeamFoundationVersionControl) = preSolution
		SccNumberOfProjects = 2
		SccEnterpriseProvider = {4CA58AB2-18FA-4F8D-95D4-32DDF27D184C}
		SccTeamFoundationServer = http://172.18.1.3:8080/tfs/vee-it-projects
		SccLocalPath0 = .
		SccProjectUniqueName1 = TelecomInfraProject\\TelecomInfraProject.csproj
		SccProjectName1 = TelecomInfraProject
		SccLocalPath1 = TelecomInfraProject
	EndGlobalSection
EndGlobal
